
Microsoft Visual Studio Solution File, Format Version 12.00
# Visual Studio 2013
VisualStudioVersion = 12.0.21005.1
MinimumVisualStudioVersion = 10.0.40219.1
Project("{FAE04EC0-301F-11D3-BF4B-00C04F79EFBC}") = "authority", "authority\authority.csproj", "{54E15992-5A9D-4B48-AC48-7479AB619728}"
EndProject
Project("{FAE04EC0-301F-11D3-BF4B-00C04F79EFBC}") = "DBC", "DBC\DBC.csproj", "{DC9FDFB9-8D09-4831-8EBA-9B87D5138949}"
EndProject
Global
	GlobalSection(SolutionConfigurationPlatforms) = preSolution
		Debug|Any CPU = Debug|Any CPU
		Release|Any CPU = Release|Any CPU
	EndGlobalSection
	GlobalSection(ProjectConfigurationPlatforms) = postSolution
		{54E15992-5A9D-4B48-AC48-7479AB619728}.Debug|Any CPU.ActiveCfg = Debug|Any CPU
		{54E15992-5A9D-4B48-AC48-7479AB619728}.Debug|Any CPU.Build.0 = Debug|Any CPU
		{54E15992-5A9D-4B48-AC48-7479AB619728}.Release|Any CPU.ActiveCfg = Release|Any CPU
		{54E15992-5A9D-4B48-AC48-7479AB619728}.Release|Any CPU.Build.0 = Release|Any CPU
		{DC9FDFB9-8D09-4831-8EBA-9B87D5138949}.Debug|Any CPU.ActiveCfg = Debug|Any CPU
		{DC9FDFB9-8D09-4831-8EBA-9B87D5138949}.Debug|Any CPU.Build.0 = Debug|Any CPU
		{DC9FDFB9-8D09-4831-8EBA-9B87D5138949}.Release|Any CPU.ActiveCfg = Release|Any CPU
		{DC9FDFB9-8D09-4831-8EBA-9B87D5138949}.Release|Any CPU.Build.0 = Release|Any CPU
	EndGlobalSection
	GlobalSection(SolutionProperties) = preSolution
		HideSolutionNode = FALSE
	EndGlobalSection
EndGlobal
